
Microsoft Visual Studio Solution File, Format Version 12.00
# Visual Studio 15
VisualStudioVersion = 15.0.28307.168
MinimumVisualStudioVersion = 10.0.40219.1
Project("{FAE04EC0-301F-11D3-BF4B-00C04F79EFBC}") = "CrmCodeGenerator.VSPackage", "CrmCodeGenerator.VSPackage\CrmCodeGenerator.VSPackage.csproj", "{474A5BC2-BEFF-4F74-A029-7ED81B6633A8}"
EndProject
Project("{FAE04EC0-301F-11D3-BF4B-00C04F79EFBC}") = "CrmCodeGenerator.Controls", "CrmCodeGenerator.Controls\CrmCodeGenerator.Controls.csproj", "{CE17A54E-0661-429F-AFDC-272E8668B14E}"
EndProject
Project("{2150E333-8FDC-42A3-9474-1A3956D46DE8}") = "Solution Items", "Solution Items", "{D53929D0-932B-4D63-9736-AF3CE1F55339}"
	ProjectSection(SolutionItems) = preProject
		Documentation\image_thumb_1.png = Documentation\image_thumb_1.png
		Documentation\image_thumb_2.png = Documentation\image_thumb_2.png
		LICENSE = LICENSE
		README.md = README.md
	EndProjectSection
EndProject
Project("{FAE04EC0-301F-11D3-BF4B-00C04F79EFBC}") = "CrmCodeGenerator.Tests", "CrmCodeGenerator.Tests\CrmCodeGenerator.Tests.csproj", "{541D6A9F-83EC-4FB2-899F-2A1A16C75E34}"
EndProject
Global
	GlobalSection(SolutionConfigurationPlatforms) = preSolution
		Debug|Any CPU = Debug|Any CPU
		Debug|Mixed Platforms = Debug|Mixed Platforms
		Debug|x64 = Debug|x64
		Debug|x86 = Debug|x86
		Release|Any CPU = Release|Any CPU
		Release|Mixed Platforms = Release|Mixed Platforms
		Release|x64 = Release|x64
		Release|x86 = Release|x86
	EndGlobalSection
	GlobalSection(ProjectConfigurationPlatforms) = postSolution
		{474A5BC2-BEFF-4F74-A029-7ED81B6633A8}.Debug|Any CPU.ActiveCfg = Debug|Any CPU
		{474A5BC2-BEFF-4F74-A029-7ED81B6633A8}.Debug|Any CPU.Build.0 = Debug|Any CPU
		{474A5BC2-BEFF-4F74-A029-7ED81B6633A8}.Debug|Mixed Platforms.ActiveCfg = Debug|Any CPU
		{474A5BC2-BEFF-4F74-A029-7ED81B6633A8}.Debug|Mixed Platforms.Build.0 = Debug|Any CPU
		{474A5BC2-BEFF-4F74-A029-7ED81B6633A8}.Debug|x64.ActiveCfg = Debug|x64
		{474A5BC2-BEFF-4F74-A029-7ED81B6633A8}.Debug|x64.Build.0 = Debug|x64
		{474A5BC2-BEFF-4F74-A029-7ED81B6633A8}.Debug|x86.ActiveCfg = Debug|Any CPU
		{474A5BC2-BEFF-4F74-A029-7ED81B6633A8}.Release|Any CPU.ActiveCfg = Release|Any CPU
		{474A5BC2-BEFF-4F74-A029-7ED81B6633A8}.Release|Any CPU.Build.0 = Release|Any CPU
		{474A5BC2-BEFF-4F74-A029-7ED81B6633A8}.Release|Mixed Platforms.ActiveCfg = Release|Any CPU
		{474A5BC2-BEFF-4F74-A029-7ED81B6633A8}.Release|Mixed Platforms.Build.0 = Release|Any CPU
		{474A5BC2-BEFF-4F74-A029-7ED81B6633A8}.Release|x64.ActiveCfg = Release|x64
		{474A5BC2-BEFF-4F74-A029-7ED81B6633A8}.Release|x64.Build.0 = Release|x64
		{474A5BC2-BEFF-4F74-A029-7ED81B6633A8}.Release|x86.ActiveCfg = Release|Any CPU
		{CE17A54E-0661-429F-AFDC-272E8668B14E}.Debug|Any CPU.ActiveCfg = Debug|Any CPU
		{CE17A54E-0661-429F-AFDC-272E8668B14E}.Debug|Any CPU.Build.0 = Debug|Any CPU
		{CE17A54E-0661-429F-AFDC-272E8668B14E}.Debug|Mixed Platforms.ActiveCfg = Debug|Any CPU
		{CE17A54E-0661-429F-AFDC-272E8668B14E}.Debug|Mixed Platforms.Build.0 = Debug|Any CPU
		{CE17A54E-0661-429F-AFDC-272E8668B14E}.Debug|x64.ActiveCfg = Debug|x64
		{CE17A54E-0661-429F-AFDC-272E8668B14E}.Debug|x64.Build.0 = Debug|x64
		{CE17A54E-0661-429F-AFDC-272E8668B14E}.Debug|x86.ActiveCfg = Debug|Any CPU
		{CE17A54E-0661-429F-AFDC-272E8668B14E}.Release|Any CPU.ActiveCfg = Release|Any CPU
		{CE17A54E-0661-429F-AFDC-272E8668B14E}.Release|Any CPU.Build.0 = Release|Any CPU
		{CE17A54E-0661-429F-AFDC-272E8668B14E}.Release|Mixed Platforms.ActiveCfg = Release|Any CPU
		{CE17A54E-0661-429F-AFDC-272E8668B14E}.Release|Mixed Platforms.Build.0 = Release|Any CPU
		{CE17A54E-0661-429F-AFDC-272E8668B14E}.Release|x64.ActiveCfg = Release|x64
		{CE17A54E-0661-429F-AFDC-272E8668B14E}.Release|x64.Build.0 = Release|x64
		{CE17A54E-0661-429F-AFDC-272E8668B14E}.Release|x86.ActiveCfg = Release|Any CPU
		{541D6A9F-83EC-4FB2-899F-2A1A16C75E34}.Debug|Any CPU.ActiveCfg = Debug|Any CPU
		{541D6A9F-83EC-4FB2-899F-2A1A16C75E34}.Debug|Any CPU.Build.0 = Debug|Any CPU
		{541D6A9F-83EC-4FB2-899F-2A1A16C75E34}.Debug|Mixed Platforms.ActiveCfg = Debug|Any CPU
		{541D6A9F-83EC-4FB2-899F-2A1A16C75E34}.Debug|Mixed Platforms.Build.0 = Debug|Any CPU
		{541D6A9F-83EC-4FB2-899F-2A1A16C75E34}.Debug|x64.ActiveCfg = Debug|Any CPU
		{541D6A9F-83EC-4FB2-899F-2A1A16C75E34}.Debug|x64.Build.0 = Debug|Any CPU
		{541D6A9F-83EC-4FB2-899F-2A1A16C75E34}.Debug|x86.ActiveCfg = Debug|Any CPU
		{541D6A9F-83EC-4FB2-899F-2A1A16C75E34}.Debug|x86.Build.0 = Debug|Any CPU
		{541D6A9F-83EC-4FB2-899F-2A1A16C75E34}.Release|Any CPU.ActiveCfg = Release|Any CPU
		{541D6A9F-83EC-4FB2-899F-2A1A16C75E34}.Release|Any CPU.Build.0 = Release|Any CPU
		{541D6A9F-83EC-4FB2-899F-2A1A16C75E34}.Release|Mixed Platforms.ActiveCfg = Release|Any CPU
		{541D6A9F-83EC-4FB2-899F-2A1A16C75E34}.Release|Mixed Platforms.Build.0 = Release|Any CPU
		{541D6A9F-83EC-4FB2-899F-2A1A16C75E34}.Release|x64.ActiveCfg = Release|Any CPU
		{541D6A9F-83EC-4FB2-899F-2A1A16C75E34}.Release|x64.Build.0 = Release|Any CPU
		{541D6A9F-83EC-4FB2-899F-2A1A16C75E34}.Release|x86.ActiveCfg = Release|Any CPU
		{541D6A9F-83EC-4FB2-899F-2A1A16C75E34}.Release|x86.Build.0 = Release|Any CPU
	EndGlobalSection
	GlobalSection(SolutionProperties) = preSolution
		HideSolutionNode = FALSE
	EndGlobalSection
	GlobalSection(ExtensibilityGlobals) = postSolution
		SolutionGuid = {D8D66C51-B9FC-4D00-A22E-5D211DC14E70}
		VisualSVNWorkingCopyRoot = .
	EndGlobalSection
EndGlobal
